
Microsoft Visual Studio Solution File, Format Version 12.00
# Visual Studio 15
VisualStudioVersion = 15.0.27703.2000
MinimumVisualStudioVersion = 10.0.40219.1
Project("{FAE04EC0-301F-11D3-BF4B-00C04F79EFBC}") = "oi_mundo", "oi_mundo\oi_mundo.csproj", "{195F94F0-5823-4883-AF5E-DC25C507F14E}"
EndProject
Global
	GlobalSection(SolutionConfigurationPlatforms) = preSolution
		Debug|Any CPU = Debug|Any CPU
		Release|Any CPU = Release|Any CPU
	EndGlobalSection
	GlobalSection(ProjectConfigurationPlatforms) = postSolution
		{195F94F0-5823-4883-AF5E-DC25C507F14E}.Debug|Any CPU.ActiveCfg = Debug|Any CPU
		{195F94F0-5823-4883-AF5E-DC25C507F14E}.Debug|Any CPU.Build.0 = Debug|Any CPU
		{195F94F0-5823-4883-AF5E-DC25C507F14E}.Release|Any CPU.ActiveCfg = Release|Any CPU
		{195F94F0-5823-4883-AF5E-DC25C507F14E}.Release|Any CPU.Build.0 = Release|Any CPU
	EndGlobalSection
	GlobalSection(SolutionProperties) = preSolution
		HideSolutionNode = FALSE
	EndGlobalSection
	GlobalSection(ExtensibilityGlobals) = postSolution
		SolutionGuid = {FB7BE6EF-DACD-4B23-8E39-252B2BA85186}
	EndGlobalSection
EndGlobal
