
Microsoft Visual Studio Solution File, Format Version 12.00
# Visual Studio 15
VisualStudioVersion = 15.0.27703.2000
MinimumVisualStudioVersion = 10.0.40219.1
Project("{FAE04EC0-301F-11D3-BF4B-00C04F79EFBC}") = "oi_mundo", "oi_mundo\oi_mundo.csproj", "{195F94F0-5823-4883-AF5E-DC25C507F14E}"
EndProject
Project("{FAE04EC0-301F-11D3-BF4B-00C04F79EFBC}") = "CaixaEletronico", "CaixaEletronico\CaixaEletronico.csproj", "{4EA3DA7C-AA68-4DB7-AB07-36BDF32572AC}"
EndProject
Project("{FAE04EC0-301F-11D3-BF4B-00C04F79EFBC}") = "votando", "votando\votando.csproj", "{97128314-7B45-4468-8C67-B540344243B9}"
EndProject
Project("{FAE04EC0-301F-11D3-BF4B-00C04F79EFBC}") = "calculoImposto", "calculoImposto\calculoImposto.csproj", "{F63E2C13-F1BC-4752-B487-ED99D4264E80}"
EndProject
Project("{FAE04EC0-301F-11D3-BF4B-00C04F79EFBC}") = "ExerciciosAula4", "ExerciciosAula4\ExerciciosAula4.csproj", "{23871F6A-71E8-4843-AFA7-BB9EFD6F03EB}"
EndProject
Project("{FAE04EC0-301F-11D3-BF4B-00C04F79EFBC}") = "Aula5MaoNaMassa", "Aula5MaoNaMassa\Aula5MaoNaMassa.csproj", "{A8CBC01C-7C27-440C-93AC-305D47668791}"
EndProject
Project("{FAE04EC0-301F-11D3-BF4B-00C04F79EFBC}") = "CaixaEletronicoV2", "CaixaEletronicoV2\CaixaEletronicoV2.csproj", "{EACD7A8A-25DA-4807-A707-D8067096AD5D}"
EndProject
Project("{FAE04EC0-301F-11D3-BF4B-00C04F79EFBC}") = "AplicacaoCaixaEletronico", "AplicacaoCaixaEletronico\AplicacaoCaixaEletronico.csproj", "{447B7DB6-D62D-4080-A518-D0B3139C51CB}"
EndProject
Project("{FAE04EC0-301F-11D3-BF4B-00C04F79EFBC}") = "Editor", "Editor\Editor.csproj", "{1A880128-E2C9-445D-A78A-B31FBD6C99D6}"
EndProject
Project("{FAE04EC0-301F-11D3-BF4B-00C04F79EFBC}") = "AplicacaoConsole", "AplicacaoConsole\AplicacaoConsole.csproj", "{63E77423-541D-4935-89FE-28A5C220A2BF}"
EndProject
Global
	GlobalSection(SolutionConfigurationPlatforms) = preSolution
		Debug|Any CPU = Debug|Any CPU
		Release|Any CPU = Release|Any CPU
	EndGlobalSection
	GlobalSection(ProjectConfigurationPlatforms) = postSolution
		{195F94F0-5823-4883-AF5E-DC25C507F14E}.Debug|Any CPU.ActiveCfg = Debug|Any CPU
		{195F94F0-5823-4883-AF5E-DC25C507F14E}.Debug|Any CPU.Build.0 = Debug|Any CPU
		{195F94F0-5823-4883-AF5E-DC25C507F14E}.Release|Any CPU.ActiveCfg = Release|Any CPU
		{195F94F0-5823-4883-AF5E-DC25C507F14E}.Release|Any CPU.Build.0 = Release|Any CPU
		{4EA3DA7C-AA68-4DB7-AB07-36BDF32572AC}.Debug|Any CPU.ActiveCfg = Debug|Any CPU
		{4EA3DA7C-AA68-4DB7-AB07-36BDF32572AC}.Debug|Any CPU.Build.0 = Debug|Any CPU
		{4EA3DA7C-AA68-4DB7-AB07-36BDF32572AC}.Release|Any CPU.ActiveCfg = Release|Any CPU
		{4EA3DA7C-AA68-4DB7-AB07-36BDF32572AC}.Release|Any CPU.Build.0 = Release|Any CPU
		{97128314-7B45-4468-8C67-B540344243B9}.Debug|Any CPU.ActiveCfg = Debug|Any CPU
		{97128314-7B45-4468-8C67-B540344243B9}.Debug|Any CPU.Build.0 = Debug|Any CPU
		{97128314-7B45-4468-8C67-B540344243B9}.Release|Any CPU.ActiveCfg = Release|Any CPU
		{97128314-7B45-4468-8C67-B540344243B9}.Release|Any CPU.Build.0 = Release|Any CPU
		{F63E2C13-F1BC-4752-B487-ED99D4264E80}.Debug|Any CPU.ActiveCfg = Debug|Any CPU
		{F63E2C13-F1BC-4752-B487-ED99D4264E80}.Debug|Any CPU.Build.0 = Debug|Any CPU
		{F63E2C13-F1BC-4752-B487-ED99D4264E80}.Release|Any CPU.ActiveCfg = Release|Any CPU
		{F63E2C13-F1BC-4752-B487-ED99D4264E80}.Release|Any CPU.Build.0 = Release|Any CPU
		{23871F6A-71E8-4843-AFA7-BB9EFD6F03EB}.Debug|Any CPU.ActiveCfg = Debug|Any CPU
		{23871F6A-71E8-4843-AFA7-BB9EFD6F03EB}.Debug|Any CPU.Build.0 = Debug|Any CPU
		{23871F6A-71E8-4843-AFA7-BB9EFD6F03EB}.Release|Any CPU.ActiveCfg = Release|Any CPU
		{23871F6A-71E8-4843-AFA7-BB9EFD6F03EB}.Release|Any CPU.Build.0 = Release|Any CPU
		{A8CBC01C-7C27-440C-93AC-305D47668791}.Debug|Any CPU.ActiveCfg = Debug|Any CPU
		{A8CBC01C-7C27-440C-93AC-305D47668791}.Debug|Any CPU.Build.0 = Debug|Any CPU
		{A8CBC01C-7C27-440C-93AC-305D47668791}.Release|Any CPU.ActiveCfg = Release|Any CPU
		{A8CBC01C-7C27-440C-93AC-305D47668791}.Release|Any CPU.Build.0 = Release|Any CPU
		{EACD7A8A-25DA-4807-A707-D8067096AD5D}.Debug|Any CPU.ActiveCfg = Debug|Any CPU
		{EACD7A8A-25DA-4807-A707-D8067096AD5D}.Debug|Any CPU.Build.0 = Debug|Any CPU
		{EACD7A8A-25DA-4807-A707-D8067096AD5D}.Release|Any CPU.ActiveCfg = Release|Any CPU
		{EACD7A8A-25DA-4807-A707-D8067096AD5D}.Release|Any CPU.Build.0 = Release|Any CPU
		{447B7DB6-D62D-4080-A518-D0B3139C51CB}.Debug|Any CPU.ActiveCfg = Debug|Any CPU
		{447B7DB6-D62D-4080-A518-D0B3139C51CB}.Debug|Any CPU.Build.0 = Debug|Any CPU
		{447B7DB6-D62D-4080-A518-D0B3139C51CB}.Release|Any CPU.ActiveCfg = Release|Any CPU
		{447B7DB6-D62D-4080-A518-D0B3139C51CB}.Release|Any CPU.Build.0 = Release|Any CPU
		{1A880128-E2C9-445D-A78A-B31FBD6C99D6}.Debug|Any CPU.ActiveCfg = Debug|Any CPU
		{1A880128-E2C9-445D-A78A-B31FBD6C99D6}.Debug|Any CPU.Build.0 = Debug|Any CPU
		{1A880128-E2C9-445D-A78A-B31FBD6C99D6}.Release|Any CPU.ActiveCfg = Release|Any CPU
		{1A880128-E2C9-445D-A78A-B31FBD6C99D6}.Release|Any CPU.Build.0 = Release|Any CPU
		{63E77423-541D-4935-89FE-28A5C220A2BF}.Debug|Any CPU.ActiveCfg = Debug|Any CPU
		{63E77423-541D-4935-89FE-28A5C220A2BF}.Debug|Any CPU.Build.0 = Debug|Any CPU
		{63E77423-541D-4935-89FE-28A5C220A2BF}.Release|Any CPU.ActiveCfg = Release|Any CPU
		{63E77423-541D-4935-89FE-28A5C220A2BF}.Release|Any CPU.Build.0 = Release|Any CPU
	EndGlobalSection
	GlobalSection(SolutionProperties) = preSolution
		HideSolutionNode = FALSE
	EndGlobalSection
	GlobalSection(ExtensibilityGlobals) = postSolution
		SolutionGuid = {FB7BE6EF-DACD-4B23-8E39-252B2BA85186}
	EndGlobalSection
EndGlobal
